version = 1
revision = 3
requires-python = "==3.11.*"

[[package]]
name = "colorama"
version = "0.4.6"
source = { registry = "https://pypi.org/simple" }
sdist = { url = "https://files.pythonhosted.org/packages/d8/53/6f443c9a4a8358a93a6792e2acffb9d9d5cb0a5cfd8802644b7b1c9a02e4/colorama-0.4.6.tar.gz", hash = "sha256:08695f5cb7ed6e0531a20572697297273c47b8cae5a63ffc6d6ed5c201be6e44", size = 27697, upload-time = "2022-10-25T02:36:22.414Z" }
wheels = [
    { url = "https://files.pythonhosted.org/packages/d1/d6/3965ed04c63042e047cb6a3e6ed1a63a35087b6a609aa3a15ed8ac56c221/colorama-0.4.6-py2.py3-none-any.whl", hash = "sha256:4f1d9991f5acc0ca119f9d443620b77f9d6b33703e51011c16baf57afb285fc6", size = 25335, upload-time = "2022-10-25T02:36:20.889Z" },
]

[[package]]
name = "davinci-export"
version = "0.1.0"
source = { virtual = "." }
dependencies = [
    { name = "pydavinci" },
]

[package.metadata]
requires-dist = [{ name = "pydavinci", specifier = ">=0.2.3" }]

[[package]]
name = "loguru"
version = "0.6.0"
source = { registry = "https://pypi.org/simple" }
dependencies = [
    { name = "colorama", marker = "sys_platform == 'win32'" },
    { name = "win32-setctime", marker = "sys_platform == 'win32'" },
]
sdist = { url = "https://files.pythonhosted.org/packages/75/1f/d3818863e4be96bd641c4643c535a98f0fa2a12efa7c8ba35f763fa778ee/loguru-0.6.0.tar.gz", hash = "sha256:066bd06758d0a513e9836fd9c6b5a75bfb3fd36841f4b996bc60b547a309d41c", size = 123158, upload-time = "2022-01-29T13:47:31.879Z" }
wheels = [
    { url = "https://files.pythonhosted.org/packages/fe/21/e1d1da2586865a159fc73b611f36bdd50b6c4043cb6132d3d5e972988028/loguru-0.6.0-py3-none-any.whl", hash = "sha256:4e2414d534a2ab57573365b3e6d0234dfb1d84b68b7f3b948e6fb743860a77c3", size = 58317, upload-time = "2022-01-29T13:47:29.921Z" },
]

[[package]]
name = "pydantic"
version = "1.9.0"
source = { registry = "https://pypi.org/simple" }
dependencies = [
    { name = "typing-extensions" },
]
sdist = { url = "https://files.pythonhosted.org/packages/60/a3/23a8a9378ff06853bda6527a39fe317b088d760adf41cf70fc0f6110e485/pydantic-1.9.0.tar.gz", hash = "sha256:742645059757a56ecd886faf4ed2441b9c0cd406079c2b4bee51bcc3fbcd510a", size = 299758, upload-time = "2021-12-31T15:44:15.396Z" }
wheels = [
    { url = "https://files.pythonhosted.org/packages/d4/4e/00724eebf52854e65dabe2c190b4842afbda0e09817f415683a3130a123c/pydantic-1.9.0-py3-none-any.whl", hash = "sha256:085ca1de245782e9b46cefcf99deecc67d418737a1fd3f6a4f511344b613a5b3", size = 140268, upload-time = "2021-12-31T15:44:13.336Z" },
]

[[package]]
name = "pydavinci"
version = "0.2.3"
source = { registry = "https://pypi.org/simple" }
dependencies = [
    { name = "loguru" },
    { name = "pydantic" },
    { name = "typing-extensions" },
]
sdist = { url = "https://files.pythonhosted.org/packages/bf/da/e23fcabc1992aed5026989069940f4bcd1280d26b94fbee3e418b3613f68/pydavinci-0.2.3.tar.gz", hash = "sha256:0ce99325c6f4ee22586901b5bc2b6736efbfe4c638bfaf477963b6eecee7bb96", size = 36976, upload-time = "2022-05-15T18:55:09.226Z" }
wheels = [
    { url = "https://files.pythonhosted.org/packages/ce/54/da888b32f871db355e888d44474a54a1cc4e095d001762946a470536bb09/pydavinci-0.2.3-py3-none-any.whl", hash = "sha256:cf0f7b733d44bc81132e303a308ae3f0f07689df22547cd7db4f8ebfa5331c14", size = 45405, upload-time = "2022-05-15T18:55:07.362Z" },
]

[[package]]
name = "typing-extensions"
version = "4.1.1"
source = { registry = "https://pypi.org/simple" }
sdist = { url = "https://files.pythonhosted.org/packages/b1/5a/8b5fbb891ef3f81fc923bf3cb4a578c0abf9471eb50ce0f51c74212182ab/typing_extensions-4.1.1.tar.gz", hash = "sha256:1a9462dcc3347a79b1f1c0271fbe79e844580bb598bafa1ed208b94da3cdcd42", size = 26694, upload-time = "2022-02-14T03:19:57.426Z" }
wheels = [
    { url = "https://files.pythonhosted.org/packages/45/6b/44f7f8f1e110027cf88956b59f2fad776cca7e1704396d043f89effd3a0e/typing_extensions-4.1.1-py3-none-any.whl", hash = "sha256:21c85e0fe4b9a155d0799430b0ad741cdce7e359660ccbd8b530613e8df88ce2", size = 26844, upload-time = "2022-02-14T03:19:55.773Z" },
]

[[package]]
name = "win32-setctime"
version = "1.2.0"
source = { registry = "https://pypi.org/simple" }
sdist = { url = "https://files.pythonhosted.org/packages/b3/8f/705086c9d734d3b663af0e9bb3d4de6578d08f46b1b101c2442fd9aecaa2/win32_setctime-1.2.0.tar.gz", hash = "sha256:ae1fdf948f5640aae05c511ade119313fb6a30d7eabe25fef9764dca5873c4c0", size = 4867, upload-time = "2024-12-07T15:28:28.314Z" }
wheels = [
    { url = "https://files.pythonhosted.org/packages/e1/07/c6fe3ad3e685340704d314d765b7912993bcb8dc198f0e7a89382d37974b/win32_setctime-1.2.0-py3-none-any.whl", hash = "sha256:95d644c4e708aba81dc3704a116d8cbc974d70b3bdb8be1d150e36be6e9d1390", size = 4083, upload-time = "2024-12-07T15:28:26.465Z" },
]
